// !$*UTF8*$!
{
	archiveVersion = 1;
	classes = {
	};
	objectVersion = 46;
	objects = {

/* Begin PBXBuildFile section */
		242994F71DFC30C200C115B4 /* AppDelegate.swift in Sources */ = {isa = PBXBuildFile; fileRef = 242994F61DFC30C200C115B4 /* AppDelegate.swift */; };
		242994F91DFC30C200C115B4 /* ViewController.swift in Sources */ = {isa = PBXBuildFile; fileRef = 242994F81DFC30C200C115B4 /* ViewController.swift */; };
		242994FC1DFC30C200C115B4 /* Main.storyboard in Resources */ = {isa = PBXBuildFile; fileRef = 242994FA1DFC30C200C115B4 /* Main.storyboard */; };
		242994FF1DFC30C200C115B4 /* pokedex_ios.xcdatamodeld in Sources */ = {isa = PBXBuildFile; fileRef = 242994FD1DFC30C200C115B4 /* pokedex_ios.xcdatamodeld */; };
		242995011DFC30C200C115B4 /* Assets.xcassets in Resources */ = {isa = PBXBuildFile; fileRef = 242995001DFC30C200C115B4 /* Assets.xcassets */; };
		242995041DFC30C200C115B4 /* LaunchScreen.storyboard in Resources */ = {isa = PBXBuildFile; fileRef = 242995021DFC30C200C115B4 /* LaunchScreen.storyboard */; };
		2429950D1DFC39F700C115B4 /* Pokemon.swift in Sources */ = {isa = PBXBuildFile; fileRef = 2429950C1DFC39F700C115B4 /* Pokemon.swift */; };
		242995101DFC3EA500C115B4 /* PokeCell.swift in Sources */ = {isa = PBXBuildFile; fileRef = 2429950F1DFC3EA500C115B4 /* PokeCell.swift */; };
		242995121DFC519A00C115B4 /* csv.swift in Sources */ = {isa = PBXBuildFile; fileRef = 242995111DFC519A00C115B4 /* csv.swift */; };
		242995141DFC519F00C115B4 /* pokemon.csv in Resources */ = {isa = PBXBuildFile; fileRef = 242995131DFC519F00C115B4 /* pokemon.csv */; };
		24B1352F1DFC55C90097C6AA /* Pokemon Solid.ttf in Resources */ = {isa = PBXBuildFile; fileRef = 24B1352E1DFC55C90097C6AA /* Pokemon Solid.ttf */; };
		24B135351DFC57540097C6AA /* back.png in Resources */ = {isa = PBXBuildFile; fileRef = 24B135331DFC57540097C6AA /* back.png */; };
		24B135361DFC57540097C6AA /* music.png in Resources */ = {isa = PBXBuildFile; fileRef = 24B135341DFC57540097C6AA /* music.png */; };
		24B1353A1DFC5B550097C6AA /* 110-pokemon-center.mp3 in Resources */ = {isa = PBXBuildFile; fileRef = 24B135391DFC5B540097C6AA /* 110-pokemon-center.mp3 */; };
/* End PBXBuildFile section */

/* Begin PBXFileReference section */
		242994F31DFC30C200C115B4 /* pokedex-ios.app */ = {isa = PBXFileReference; explicitFileType = wrapper.application; includeInIndex = 0; path = "pokedex-ios.app"; sourceTree = BUILT_PRODUCTS_DIR; };
		242994F61DFC30C200C115B4 /* AppDelegate.swift */ = {isa = PBXFileReference; lastKnownFileType = sourcecode.swift; path = AppDelegate.swift; sourceTree = "<group>"; };
		242994F81DFC30C200C115B4 /* ViewController.swift */ = {isa = PBXFileReference; lastKnownFileType = sourcecode.swift; path = ViewController.swift; sourceTree = "<group>"; };
		242994FB1DFC30C200C115B4 /* Base */ = {isa = PBXFileReference; lastKnownFileType = file.storyboard; name = Base; path = Base.lproj/Main.storyboard; sourceTree = "<group>"; };
		242994FE1DFC30C200C115B4 /* pokedex_ios.xcdatamodel */ = {isa = PBXFileReference; lastKnownFileType = wrapper.xcdatamodel; path = pokedex_ios.xcdatamodel; sourceTree = "<group>"; };
		242995001DFC30C200C115B4 /* Assets.xcassets */ = {isa = PBXFileReference; lastKnownFileType = folder.assetcatalog; path = Assets.xcassets; sourceTree = "<group>"; };
		242995031DFC30C200C115B4 /* Base */ = {isa = PBXFileReference; lastKnownFileType = file.storyboard; name = Base; path = Base.lproj/LaunchScreen.storyboard; sourceTree = "<group>"; };
		242995051DFC30C200C115B4 /* Info.plist */ = {isa = PBXFileReference; lastKnownFileType = text.plist.xml; path = Info.plist; sourceTree = "<group>"; };
		2429950C1DFC39F700C115B4 /* Pokemon.swift */ = {isa = PBXFileReference; fileEncoding = 4; lastKnownFileType = sourcecode.swift; path = Pokemon.swift; sourceTree = "<group>"; };
		2429950F1DFC3EA500C115B4 /* PokeCell.swift */ = {isa = PBXFileReference; fileEncoding = 4; lastKnownFileType = sourcecode.swift; path = PokeCell.swift; sourceTree = "<group>"; };
		242995111DFC519A00C115B4 /* csv.swift */ = {isa = PBXFileReference; fileEncoding = 4; lastKnownFileType = sourcecode.swift; path = csv.swift; sourceTree = "<group>"; };
		242995131DFC519F00C115B4 /* pokemon.csv */ = {isa = PBXFileReference; fileEncoding = 4; lastKnownFileType = text; path = pokemon.csv; sourceTree = "<group>"; };
		24B1352E1DFC55C90097C6AA /* Pokemon Solid.ttf */ = {isa = PBXFileReference; lastKnownFileType = file; path = "Pokemon Solid.ttf"; sourceTree = "<group>"; };
		24B135331DFC57540097C6AA /* back.png */ = {isa = PBXFileReference; lastKnownFileType = image.png; path = back.png; sourceTree = "<group>"; };
		24B135341DFC57540097C6AA /* music.png */ = {isa = PBXFileReference; lastKnownFileType = image.png; path = music.png; sourceTree = "<group>"; };
		24B135391DFC5B540097C6AA /* 110-pokemon-center.mp3 */ = {isa = PBXFileReference; lastKnownFileType = audio.mp3; path = "110-pokemon-center.mp3"; sourceTree = "<group>"; };
/* End PBXFileReference section */

/* Begin PBXFrameworksBuildPhase section */
		242994F01DFC30C200C115B4 /* Frameworks */ = {
			isa = PBXFrameworksBuildPhase;
			buildActionMask = 2147483647;
			files = (
			);
			runOnlyForDeploymentPostprocessing = 0;
		};
/* End PBXFrameworksBuildPhase section */

/* Begin PBXGroup section */
		242994EA1DFC30C100C115B4 = {
			isa = PBXGroup;
			children = (
				242994F51DFC30C200C115B4 /* pokedex-ios */,
				242994F41DFC30C200C115B4 /* Products */,
			);
			sourceTree = "<group>";
		};
		242994F41DFC30C200C115B4 /* Products */ = {
			isa = PBXGroup;
			children = (
				242994F31DFC30C200C115B4 /* pokedex-ios.app */,
			);
			name = Products;
			sourceTree = "<group>";
		};
		242994F51DFC30C200C115B4 /* pokedex-ios */ = {
			isa = PBXGroup;
			children = (
				24B1353B1DFC5B940097C6AA /* Controllers */,
				2429950E1DFC3E8400C115B4 /* View */,
				2429950B1DFC380500C115B4 /* Model */,
				242994F61DFC30C200C115B4 /* AppDelegate.swift */,
				24B135311DFC55E30097C6AA /* Resources */,
				242994FA1DFC30C200C115B4 /* Main.storyboard */,
				242995001DFC30C200C115B4 /* Assets.xcassets */,
				242995021DFC30C200C115B4 /* LaunchScreen.storyboard */,
				242995051DFC30C200C115B4 /* Info.plist */,
				242994FD1DFC30C200C115B4 /* pokedex_ios.xcdatamodeld */,
				24B135321DFC56050097C6AA /* Util */,
			);
			path = "pokedex-ios";
			sourceTree = "<group>";
		};
		2429950B1DFC380500C115B4 /* Model */ = {
			isa = PBXGroup;
			children = (
				2429950C1DFC39F700C115B4 /* Pokemon.swift */,
			);
			name = Model;
			sourceTree = "<group>";
		};
		2429950E1DFC3E8400C115B4 /* View */ = {
			isa = PBXGroup;
			children = (
				2429950F1DFC3EA500C115B4 /* PokeCell.swift */,
			);
			name = View;
			sourceTree = "<group>";
		};
		24B135311DFC55E30097C6AA /* Resources */ = {
			isa = PBXGroup;
			children = (
				24B135391DFC5B540097C6AA /* 110-pokemon-center.mp3 */,
				24B135331DFC57540097C6AA /* back.png */,
				24B135341DFC57540097C6AA /* music.png */,
				242995131DFC519F00C115B4 /* pokemon.csv */,
				24B1352E1DFC55C90097C6AA /* Pokemon Solid.ttf */,
			);
			name = Resources;
			sourceTree = "<group>";
		};
		24B135321DFC56050097C6AA /* Util */ = {
			isa = PBXGroup;
			children = (
				242995111DFC519A00C115B4 /* csv.swift */,
			);
			name = Util;
			sourceTree = "<group>";
		};
		24B1353B1DFC5B940097C6AA /* Controllers */ = {
			isa = PBXGroup;
			children = (
				242994F81DFC30C200C115B4 /* ViewController.swift */,
			);
			name = Controllers;
			sourceTree = "<group>";
		};
/* End PBXGroup section */

/* Begin PBXNativeTarget section */
		242994F21DFC30C200C115B4 /* pokedex-ios */ = {
			isa = PBXNativeTarget;
			buildConfigurationList = 242995081DFC30C200C115B4 /* Build configuration list for PBXNativeTarget "pokedex-ios" */;
			buildPhases = (
				242994EF1DFC30C200C115B4 /* Sources */,
				242994F01DFC30C200C115B4 /* Frameworks */,
				242994F11DFC30C200C115B4 /* Resources */,
			);
			buildRules = (
			);
			dependencies = (
			);
			name = "pokedex-ios";
			productName = "pokedex-ios";
			productReference = 242994F31DFC30C200C115B4 /* pokedex-ios.app */;
			productType = "com.apple.product-type.application";
		};
/* End PBXNativeTarget section */

/* Begin PBXProject section */
		242994EB1DFC30C100C115B4 /* Project object */ = {
			isa = PBXProject;
			attributes = {
				LastSwiftUpdateCheck = 0810;
				LastUpgradeCheck = 0810;
				ORGANIZATIONNAME = Leon;
				TargetAttributes = {
					242994F21DFC30C200C115B4 = {
						CreatedOnToolsVersion = 8.1;
						LastSwiftMigration = 0810;
						ProvisioningStyle = Automatic;
					};
				};
			};
			buildConfigurationList = 242994EE1DFC30C100C115B4 /* Build configuration list for PBXProject "pokedex-ios" */;
			compatibilityVersion = "Xcode 3.2";
			developmentRegion = English;
			hasScannedForEncodings = 0;
			knownRegions = (
				en,
				Base,
			);
			mainGroup = 242994EA1DFC30C100C115B4;
			productRefGroup = 242994F41DFC30C200C115B4 /* Products */;
			projectDirPath = "";
			projectRoot = "";
			targets = (
				242994F21DFC30C200C115B4 /* pokedex-ios */,
			);
		};
/* End PBXProject section */

/* Begin PBXResourcesBuildPhase section */
		242994F11DFC30C200C115B4 /* Resources */ = {
			isa = PBXResourcesBuildPhase;
			buildActionMask = 2147483647;
			files = (
				24B1352F1DFC55C90097C6AA /* Pokemon Solid.ttf in Resources */,
				24B135361DFC57540097C6AA /* music.png in Resources */,
				24B1353A1DFC5B550097C6AA /* 110-pokemon-center.mp3 in Resources */,
				242995041DFC30C200C115B4 /* LaunchScreen.storyboard in Resources */,
				24B135351DFC57540097C6AA /* back.png in Resources */,
				242995011DFC30C200C115B4 /* Assets.xcassets in Resources */,
				242995141DFC519F00C115B4 /* pokemon.csv in Resources */,
				242994FC1DFC30C200C115B4 /* Main.storyboard in Resources */,
			);
			runOnlyForDeploymentPostprocessing = 0;
		};
/* End PBXResourcesBuildPhase section */

/* Begin PBXSourcesBuildPhase section */
		242994EF1DFC30C200C115B4 /* Sources */ = {
			isa = PBXSourcesBuildPhase;
			buildActionMask = 2147483647;
			files = (
				242995121DFC519A00C115B4 /* csv.swift in Sources */,
				242994F91DFC30C200C115B4 /* ViewController.swift in Sources */,
				2429950D1DFC39F700C115B4 /* Pokemon.swift in Sources */,
				242994F71DFC30C200C115B4 /* AppDelegate.swift in Sources */,
				242994FF1DFC30C200C115B4 /* pokedex_ios.xcdatamodeld in Sources */,
				242995101DFC3EA500C115B4 /* PokeCell.swift in Sources */,
			);
			runOnlyForDeploymentPostprocessing = 0;
		};
/* End PBXSourcesBuildPhase section */

/* Begin PBXVariantGroup section */
		242994FA1DFC30C200C115B4 /* Main.storyboard */ = {
			isa = PBXVariantGroup;
			children = (
				242994FB1DFC30C200C115B4 /* Base */,
			);
			name = Main.storyboard;
			sourceTree = "<group>";
		};
		242995021DFC30C200C115B4 /* LaunchScreen.storyboard */ = {
			isa = PBXVariantGroup;
			children = (
				242995031DFC30C200C115B4 /* Base */,
			);
			name = LaunchScreen.storyboard;
			sourceTree = "<group>";
		};
/* End PBXVariantGroup section */

/* Begin XCBuildConfiguration section */
		242995061DFC30C200C115B4 /* Debug */ = {
			isa = XCBuildConfiguration;
			buildSettings = {
				ALWAYS_SEARCH_USER_PATHS = NO;
				CLANG_ANALYZER_NONNULL = YES;
				CLANG_CXX_LANGUAGE_STANDARD = "gnu++0x";
				CLANG_CXX_LIBRARY = "libc++";
				CLANG_ENABLE_MODULES = YES;
				CLANG_ENABLE_OBJC_ARC = YES;
				CLANG_WARN_BOOL_CONVERSION = YES;
				CLANG_WARN_CONSTANT_CONVERSION = YES;
				CLANG_WARN_DIRECT_OBJC_ISA_USAGE = YES_ERROR;
				CLANG_WARN_DOCUMENTATION_COMMENTS = YES;
				CLANG_WARN_EMPTY_BODY = YES;
				CLANG_WARN_ENUM_CONVERSION = YES;
				CLANG_WARN_INFINITE_RECURSION = YES;
				CLANG_WARN_INT_CONVERSION = YES;
				CLANG_WARN_OBJC_ROOT_CLASS = YES_ERROR;
				CLANG_WARN_SUSPICIOUS_MOVES = YES;
				CLANG_WARN_UNREACHABLE_CODE = YES;
				CLANG_WARN__DUPLICATE_METHOD_MATCH = YES;
				"CODE_SIGN_IDENTITY[sdk=iphoneos*]" = "iPhone Developer";
				COPY_PHASE_STRIP = NO;
				DEBUG_INFORMATION_FORMAT = dwarf;
				ENABLE_STRICT_OBJC_MSGSEND = YES;
				ENABLE_TESTABILITY = YES;
				GCC_C_LANGUAGE_STANDARD = gnu99;
				GCC_DYNAMIC_NO_PIC = NO;
				GCC_NO_COMMON_BLOCKS = YES;
				GCC_OPTIMIZATION_LEVEL = 0;
				GCC_PREPROCESSOR_DEFINITIONS = (
					"DEBUG=1",
					"$(inherited)",
				);
				GCC_WARN_64_TO_32_BIT_CONVERSION = YES;
				GCC_WARN_ABOUT_RETURN_TYPE = YES_ERROR;
				GCC_WARN_UNDECLARED_SELECTOR = YES;
				GCC_WARN_UNINITIALIZED_AUTOS = YES_AGGRESSIVE;
				GCC_WARN_UNUSED_FUNCTION = YES;
				GCC_WARN_UNUSED_VARIABLE = YES;
				IPHONEOS_DEPLOYMENT_TARGET = 10.1;
				MTL_ENABLE_DEBUG_INFO = YES;
				ONLY_ACTIVE_ARCH = YES;
				SDKROOT = iphoneos;
				SWIFT_ACTIVE_COMPILATION_CONDITIONS = DEBUG;
				SWIFT_OPTIMIZATION_LEVEL = "-Onone";
			};
			name = Debug;
		};
		242995071DFC30C200C115B4 /* Release */ = {
			isa = XCBuildConfiguration;
			buildSettings = {
				ALWAYS_SEARCH_USER_PATHS = NO;
				CLANG_ANALYZER_NONNULL = YES;
				CLANG_CXX_LANGUAGE_STANDARD = "gnu++0x";
				CLANG_CXX_LIBRARY = "libc++";
				CLANG_ENABLE_MODULES = YES;
				CLANG_ENABLE_OBJC_ARC = YES;
				CLANG_WARN_BOOL_CONVERSION = YES;
				CLANG_WARN_CONSTANT_CONVERSION = YES;
				CLANG_WARN_DIRECT_OBJC_ISA_USAGE = YES_ERROR;
				CLANG_WARN_DOCUMENTATION_COMMENTS = YES;
				CLANG_WARN_EMPTY_BODY = YES;
				CLANG_WARN_ENUM_CONVERSION = YES;
				CLANG_WARN_INFINITE_RECURSION = YES;
				CLANG_WARN_INT_CONVERSION = YES;
				CLANG_WARN_OBJC_ROOT_CLASS = YES_ERROR;
				CLANG_WARN_SUSPICIOUS_MOVES = YES;
				CLANG_WARN_UNREACHABLE_CODE = YES;
				CLANG_WARN__DUPLICATE_METHOD_MATCH = YES;
				"CODE_SIGN_IDENTITY[sdk=iphoneos*]" = "iPhone Developer";
				COPY_PHASE_STRIP = NO;
				DEBUG_INFORMATION_FORMAT = "dwarf-with-dsym";
				ENABLE_NS_ASSERTIONS = NO;
				ENABLE_STRICT_OBJC_MSGSEND = YES;
				GCC_C_LANGUAGE_STANDARD = gnu99;
				GCC_NO_COMMON_BLOCKS = YES;
				GCC_WARN_64_TO_32_BIT_CONVERSION = YES;
				GCC_WARN_ABOUT_RETURN_TYPE = YES_ERROR;
				GCC_WARN_UNDECLARED_SELECTOR = YES;
				GCC_WARN_UNINITIALIZED_AUTOS = YES_AGGRESSIVE;
				GCC_WARN_UNUSED_FUNCTION = YES;
				GCC_WARN_UNUSED_VARIABLE = YES;
				IPHONEOS_DEPLOYMENT_TARGET = 10.1;
				MTL_ENABLE_DEBUG_INFO = NO;
				SDKROOT = iphoneos;
				SWIFT_OPTIMIZATION_LEVEL = "-Owholemodule";
				VALIDATE_PRODUCT = YES;
			};
			name = Release;
		};
		242995091DFC30C200C115B4 /* Debug */ = {
			isa = XCBuildConfiguration;
			buildSettings = {
				ASSETCATALOG_COMPILER_APPICON_NAME = AppIcon;
				INFOPLIST_FILE = "pokedex-ios/Info.plist";
				LD_RUNPATH_SEARCH_PATHS = "$(inherited) @executable_path/Frameworks";
				PRODUCT_BUNDLE_IDENTIFIER = "com.appy.pokedex-ios";
				PRODUCT_NAME = "$(TARGET_NAME)";
				SWIFT_VERSION = 3.0;
			};
			name = Debug;
		};
		2429950A1DFC30C200C115B4 /* Release */ = {
			isa = XCBuildConfiguration;
			buildSettings = {
				ASSETCATALOG_COMPILER_APPICON_NAME = AppIcon;
				INFOPLIST_FILE = "pokedex-ios/Info.plist";
				LD_RUNPATH_SEARCH_PATHS = "$(inherited) @executable_path/Frameworks";
				PRODUCT_BUNDLE_IDENTIFIER = "com.appy.pokedex-ios";
				PRODUCT_NAME = "$(TARGET_NAME)";
				SWIFT_VERSION = 3.0;
			};
			name = Release;
		};
/* End XCBuildConfiguration section */

/* Begin XCConfigurationList section */
		242994EE1DFC30C100C115B4 /* Build configuration list for PBXProject "pokedex-ios" */ = {
			isa = XCConfigurationList;
			buildConfigurations = (
				242995061DFC30C200C115B4 /* Debug */,
				242995071DFC30C200C115B4 /* Release */,
			);
			defaultConfigurationIsVisible = 0;
			defaultConfigurationName = Release;
		};
		242995081DFC30C200C115B4 /* Build configuration list for PBXNativeTarget "pokedex-ios" */ = {
			isa = XCConfigurationList;
			buildConfigurations = (
				242995091DFC30C200C115B4 /* Debug */,
				2429950A1DFC30C200C115B4 /* Release */,
			);
			defaultConfigurationIsVisible = 0;
			defaultConfigurationName = Release;
		};
/* End XCConfigurationList section */

/* Begin XCVersionGroup section */
		242994FD1DFC30C200C115B4 /* pokedex_ios.xcdatamodeld */ = {
			isa = XCVersionGroup;
			children = (
				242994FE1DFC30C200C115B4 /* pokedex_ios.xcdatamodel */,
			);
			currentVersion = 242994FE1DFC30C200C115B4 /* pokedex_ios.xcdatamodel */;
			path = pokedex_ios.xcdatamodeld;
			sourceTree = "<group>";
			versionGroupType = wrapper.xcdatamodel;
		};
/* End XCVersionGroup section */
	};
	rootObject = 242994EB1DFC30C100C115B4 /* Project object */;
}
